// !$*UTF8*$!
{
	archiveVersion = 1;
	classes = {
	};
	objectVersion = 50;
	objects = {

/* Begin PBXBuildFile section */
		8D00D626227C877600A7AFA8 /* AuthService.swift in Sources */ = {isa = PBXBuildFile; fileRef = 8D00D625227C877600A7AFA8 /* AuthService.swift */; };
		8D00D628227C87F500A7AFA8 /* User.swift in Sources */ = {isa = PBXBuildFile; fileRef = 8D00D627227C87F500A7AFA8 /* User.swift */; };
		8D00D62A227C8A4900A7AFA8 /* BookTrackerURL.swift in Sources */ = {isa = PBXBuildFile; fileRef = 8D00D629227C8A4900A7AFA8 /* BookTrackerURL.swift */; };
		8D6DEDB92276147E00FA801E /* AppDelegate.swift in Sources */ = {isa = PBXBuildFile; fileRef = 8D6DEDB82276147E00FA801E /* AppDelegate.swift */; };
		8D6DEDBB2276147E00FA801E /* LoginViewController.swift in Sources */ = {isa = PBXBuildFile; fileRef = 8D6DEDBA2276147E00FA801E /* LoginViewController.swift */; };
		8D6DEDBE2276147E00FA801E /* Main.storyboard in Resources */ = {isa = PBXBuildFile; fileRef = 8D6DEDBC2276147E00FA801E /* Main.storyboard */; };
		8D6DEDC02276147F00FA801E /* Assets.xcassets in Resources */ = {isa = PBXBuildFile; fileRef = 8D6DEDBF2276147F00FA801E /* Assets.xcassets */; };
		8D6DEDC32276147F00FA801E /* LaunchScreen.storyboard in Resources */ = {isa = PBXBuildFile; fileRef = 8D6DEDC12276147F00FA801E /* LaunchScreen.storyboard */; };
		8D6DEDCE2276147F00FA801E /* BookTrackerTests.swift in Sources */ = {isa = PBXBuildFile; fileRef = 8D6DEDCD2276147F00FA801E /* BookTrackerTests.swift */; };
		8DA38C25227CAAF300A41FC7 /* SignUpViewController.swift in Sources */ = {isa = PBXBuildFile; fileRef = 8DA38C24227CAAF300A41FC7 /* SignUpViewController.swift */; };
		8DA38C29227CB4F700A41FC7 /* BookDetailViewController.swift in Sources */ = {isa = PBXBuildFile; fileRef = 8DA38C28227CB4F700A41FC7 /* BookDetailViewController.swift */; };
		8DA38C2B227CB51900A41FC7 /* BookService.swift in Sources */ = {isa = PBXBuildFile; fileRef = 8DA38C2A227CB51900A41FC7 /* BookService.swift */; };
		8DA38C2D227CC00D00A41FC7 /* BooksTableViewController.swift in Sources */ = {isa = PBXBuildFile; fileRef = 8DA38C2C227CC00D00A41FC7 /* BooksTableViewController.swift */; };
/* End PBXBuildFile section */

/* Begin PBXContainerItemProxy section */
		8D6DEDCA2276147F00FA801E /* PBXContainerItemProxy */ = {
			isa = PBXContainerItemProxy;
			containerPortal = 8D6DEDAD2276147E00FA801E /* Project object */;
			proxyType = 1;
			remoteGlobalIDString = 8D6DEDB42276147E00FA801E;
			remoteInfo = BookTracker;
		};
/* End PBXContainerItemProxy section */

/* Begin PBXFileReference section */
		8D00D625227C877600A7AFA8 /* AuthService.swift */ = {isa = PBXFileReference; lastKnownFileType = sourcecode.swift; path = AuthService.swift; sourceTree = "<group>"; };
		8D00D627227C87F500A7AFA8 /* User.swift */ = {isa = PBXFileReference; lastKnownFileType = sourcecode.swift; path = User.swift; sourceTree = "<group>"; };
		8D00D629227C8A4900A7AFA8 /* BookTrackerURL.swift */ = {isa = PBXFileReference; lastKnownFileType = sourcecode.swift; path = BookTrackerURL.swift; sourceTree = "<group>"; };
		8D6DEDB52276147E00FA801E /* BookTracker.app */ = {isa = PBXFileReference; explicitFileType = wrapper.application; includeInIndex = 0; path = BookTracker.app; sourceTree = BUILT_PRODUCTS_DIR; };
		8D6DEDB82276147E00FA801E /* AppDelegate.swift */ = {isa = PBXFileReference; lastKnownFileType = sourcecode.swift; path = AppDelegate.swift; sourceTree = "<group>"; };
		8D6DEDBA2276147E00FA801E /* LoginViewController.swift */ = {isa = PBXFileReference; lastKnownFileType = sourcecode.swift; path = LoginViewController.swift; sourceTree = "<group>"; };
		8D6DEDBD2276147E00FA801E /* Base */ = {isa = PBXFileReference; lastKnownFileType = file.storyboard; name = Base; path = Base.lproj/Main.storyboard; sourceTree = "<group>"; };
		8D6DEDBF2276147F00FA801E /* Assets.xcassets */ = {isa = PBXFileReference; lastKnownFileType = folder.assetcatalog; path = Assets.xcassets; sourceTree = "<group>"; };
		8D6DEDC22276147F00FA801E /* Base */ = {isa = PBXFileReference; lastKnownFileType = file.storyboard; name = Base; path = Base.lproj/LaunchScreen.storyboard; sourceTree = "<group>"; };
		8D6DEDC42276147F00FA801E /* Info.plist */ = {isa = PBXFileReference; lastKnownFileType = text.plist.xml; path = Info.plist; sourceTree = "<group>"; };
		8D6DEDC92276147F00FA801E /* BookTrackerTests.xctest */ = {isa = PBXFileReference; explicitFileType = wrapper.cfbundle; includeInIndex = 0; path = BookTrackerTests.xctest; sourceTree = BUILT_PRODUCTS_DIR; };
		8D6DEDCD2276147F00FA801E /* BookTrackerTests.swift */ = {isa = PBXFileReference; lastKnownFileType = sourcecode.swift; path = BookTrackerTests.swift; sourceTree = "<group>"; };
		8D6DEDCF2276147F00FA801E /* Info.plist */ = {isa = PBXFileReference; lastKnownFileType = text.plist.xml; path = Info.plist; sourceTree = "<group>"; };
		8DA38C24227CAAF300A41FC7 /* SignUpViewController.swift */ = {isa = PBXFileReference; lastKnownFileType = sourcecode.swift; path = SignUpViewController.swift; sourceTree = "<group>"; };
		8DA38C28227CB4F700A41FC7 /* BookDetailViewController.swift */ = {isa = PBXFileReference; lastKnownFileType = sourcecode.swift; path = BookDetailViewController.swift; sourceTree = "<group>"; };
		8DA38C2A227CB51900A41FC7 /* BookService.swift */ = {isa = PBXFileReference; lastKnownFileType = sourcecode.swift; path = BookService.swift; sourceTree = "<group>"; };
		8DA38C2C227CC00D00A41FC7 /* BooksTableViewController.swift */ = {isa = PBXFileReference; lastKnownFileType = sourcecode.swift; path = BooksTableViewController.swift; sourceTree = "<group>"; };
/* End PBXFileReference section */

/* Begin PBXFrameworksBuildPhase section */
		8D6DEDB22276147E00FA801E /* Frameworks */ = {
			isa = PBXFrameworksBuildPhase;
			buildActionMask = 2147483647;
			files = (
			);
			runOnlyForDeploymentPostprocessing = 0;
		};
		8D6DEDC62276147F00FA801E /* Frameworks */ = {
			isa = PBXFrameworksBuildPhase;
			buildActionMask = 2147483647;
			files = (
			);
			runOnlyForDeploymentPostprocessing = 0;
		};
/* End PBXFrameworksBuildPhase section */

/* Begin PBXGroup section */
		8D6DEDAC2276147E00FA801E = {
			isa = PBXGroup;
			children = (
				8D6DEDB72276147E00FA801E /* BookTracker */,
				8D6DEDCC2276147F00FA801E /* BookTrackerTests */,
				8D6DEDB62276147E00FA801E /* Products */,
			);
			sourceTree = "<group>";
		};
		8D6DEDB62276147E00FA801E /* Products */ = {
			isa = PBXGroup;
			children = (
				8D6DEDB52276147E00FA801E /* BookTracker.app */,
				8D6DEDC92276147F00FA801E /* BookTrackerTests.xctest */,
			);
			name = Products;
			sourceTree = "<group>";
		};
		8D6DEDB72276147E00FA801E /* BookTracker */ = {
			isa = PBXGroup;
			children = (
				8D6DEDB82276147E00FA801E /* AppDelegate.swift */,
				8D6DEDBA2276147E00FA801E /* LoginViewController.swift */,
				8DA38C24227CAAF300A41FC7 /* SignUpViewController.swift */,
				8DA38C28227CB4F700A41FC7 /* BookDetailViewController.swift */,
				8DA38C2C227CC00D00A41FC7 /* BooksTableViewController.swift */,
				8D6DEDBC2276147E00FA801E /* Main.storyboard */,
				8D6DEDBF2276147F00FA801E /* Assets.xcassets */,
				8D6DEDC12276147F00FA801E /* LaunchScreen.storyboard */,
				8D6DEDC42276147F00FA801E /* Info.plist */,
				8D00D625227C877600A7AFA8 /* AuthService.swift */,
				8DA38C2A227CB51900A41FC7 /* BookService.swift */,
				8D00D627227C87F500A7AFA8 /* User.swift */,
				8D00D629227C8A4900A7AFA8 /* BookTrackerURL.swift */,
			);
			path = BookTracker;
			sourceTree = "<group>";
		};
		8D6DEDCC2276147F00FA801E /* BookTrackerTests */ = {
			isa = PBXGroup;
			children = (
				8D6DEDCD2276147F00FA801E /* BookTrackerTests.swift */,
				8D6DEDCF2276147F00FA801E /* Info.plist */,
			);
			path = BookTrackerTests;
			sourceTree = "<group>";
		};
/* End PBXGroup section */

/* Begin PBXNativeTarget section */
		8D6DEDB42276147E00FA801E /* BookTracker */ = {
			isa = PBXNativeTarget;
			buildConfigurationList = 8D6DEDD22276147F00FA801E /* Build configuration list for PBXNativeTarget "BookTracker" */;
			buildPhases = (
				8D6DEDB12276147E00FA801E /* Sources */,
				8D6DEDB22276147E00FA801E /* Frameworks */,
				8D6DEDB32276147E00FA801E /* Resources */,
			);
			buildRules = (
			);
			dependencies = (
			);
			name = BookTracker;
			productName = BookTracker;
			productReference = 8D6DEDB52276147E00FA801E /* BookTracker.app */;
			productType = "com.apple.product-type.application";
		};
		8D6DEDC82276147F00FA801E /* BookTrackerTests */ = {
			isa = PBXNativeTarget;
			buildConfigurationList = 8D6DEDD52276147F00FA801E /* Build configuration list for PBXNativeTarget "BookTrackerTests" */;
			buildPhases = (
				8D6DEDC52276147F00FA801E /* Sources */,
				8D6DEDC62276147F00FA801E /* Frameworks */,
				8D6DEDC72276147F00FA801E /* Resources */,
			);
			buildRules = (
			);
			dependencies = (
				8D6DEDCB2276147F00FA801E /* PBXTargetDependency */,
			);
			name = BookTrackerTests;
			productName = BookTrackerTests;
			productReference = 8D6DEDC92276147F00FA801E /* BookTrackerTests.xctest */;
			productType = "com.apple.product-type.bundle.unit-test";
		};
/* End PBXNativeTarget section */

/* Begin PBXProject section */
		8D6DEDAD2276147E00FA801E /* Project object */ = {
			isa = PBXProject;
			attributes = {
				LastSwiftUpdateCheck = 1020;
				LastUpgradeCheck = 1020;
				ORGANIZATIONNAME = "Homero Oliveira";
				TargetAttributes = {
					8D6DEDB42276147E00FA801E = {
						CreatedOnToolsVersion = 10.2.1;
					};
					8D6DEDC82276147F00FA801E = {
						CreatedOnToolsVersion = 10.2.1;
						TestTargetID = 8D6DEDB42276147E00FA801E;
					};
				};
			};
			buildConfigurationList = 8D6DEDB02276147E00FA801E /* Build configuration list for PBXProject "BookTracker" */;
			compatibilityVersion = "Xcode 9.3";
			developmentRegion = en;
			hasScannedForEncodings = 0;
			knownRegions = (
				en,
				Base,
			);
			mainGroup = 8D6DEDAC2276147E00FA801E;
			productRefGroup = 8D6DEDB62276147E00FA801E /* Products */;
			projectDirPath = "";
			projectRoot = "";
			targets = (
				8D6DEDB42276147E00FA801E /* BookTracker */,
				8D6DEDC82276147F00FA801E /* BookTrackerTests */,
			);
		};
/* End PBXProject section */

/* Begin PBXResourcesBuildPhase section */
		8D6DEDB32276147E00FA801E /* Resources */ = {
			isa = PBXResourcesBuildPhase;
			buildActionMask = 2147483647;
			files = (
				8D6DEDC32276147F00FA801E /* LaunchScreen.storyboard in Resources */,
				8D6DEDC02276147F00FA801E /* Assets.xcassets in Resources */,
				8D6DEDBE2276147E00FA801E /* Main.storyboard in Resources */,
			);
			runOnlyForDeploymentPostprocessing = 0;
		};
		8D6DEDC72276147F00FA801E /* Resources */ = {
			isa = PBXResourcesBuildPhase;
			buildActionMask = 2147483647;
			files = (
			);
			runOnlyForDeploymentPostprocessing = 0;
		};
/* End PBXResourcesBuildPhase section */

/* Begin PBXSourcesBuildPhase section */
		8D6DEDB12276147E00FA801E /* Sources */ = {
			isa = PBXSourcesBuildPhase;
			buildActionMask = 2147483647;
			files = (
				8DA38C25227CAAF300A41FC7 /* SignUpViewController.swift in Sources */,
				8D00D628227C87F500A7AFA8 /* User.swift in Sources */,
				8D00D626227C877600A7AFA8 /* AuthService.swift in Sources */,
				8D6DEDBB2276147E00FA801E /* LoginViewController.swift in Sources */,
				8D00D62A227C8A4900A7AFA8 /* BookTrackerURL.swift in Sources */,
				8DA38C2D227CC00D00A41FC7 /* BooksTableViewController.swift in Sources */,
				8DA38C2B227CB51900A41FC7 /* BookService.swift in Sources */,
				8D6DEDB92276147E00FA801E /* AppDelegate.swift in Sources */,
				8DA38C29227CB4F700A41FC7 /* BookDetailViewController.swift in Sources */,
			);
			runOnlyForDeploymentPostprocessing = 0;
		};
		8D6DEDC52276147F00FA801E /* Sources */ = {
			isa = PBXSourcesBuildPhase;
			buildActionMask = 2147483647;
			files = (
				8D6DEDCE2276147F00FA801E /* BookTrackerTests.swift in Sources */,
			);
			runOnlyForDeploymentPostprocessing = 0;
		};
/* End PBXSourcesBuildPhase section */

/* Begin PBXTargetDependency section */
		8D6DEDCB2276147F00FA801E /* PBXTargetDependency */ = {
			isa = PBXTargetDependency;
			target = 8D6DEDB42276147E00FA801E /* BookTracker */;
			targetProxy = 8D6DEDCA2276147F00FA801E /* PBXContainerItemProxy */;
		};
/* End PBXTargetDependency section */

/* Begin PBXVariantGroup section */
		8D6DEDBC2276147E00FA801E /* Main.storyboard */ = {
			isa = PBXVariantGroup;
			children = (
				8D6DEDBD2276147E00FA801E /* Base */,
			);
			name = Main.storyboard;
			sourceTree = "<group>";
		};
		8D6DEDC12276147F00FA801E /* LaunchScreen.storyboard */ = {
			isa = PBXVariantGroup;
			children = (
				8D6DEDC22276147F00FA801E /* Base */,
			);
			name = LaunchScreen.storyboard;
			sourceTree = "<group>";
		};
/* End PBXVariantGroup section */

/* Begin XCBuildConfiguration section */
		8D6DEDD02276147F00FA801E /* Debug */ = {
			isa = XCBuildConfiguration;
			buildSettings = {
				ALWAYS_SEARCH_USER_PATHS = NO;
				CLANG_ANALYZER_NONNULL = YES;
				CLANG_ANALYZER_NUMBER_OBJECT_CONVERSION = YES_AGGRESSIVE;
				CLANG_CXX_LANGUAGE_STANDARD = "gnu++14";
				CLANG_CXX_LIBRARY = "libc++";
				CLANG_ENABLE_MODULES = YES;
				CLANG_ENABLE_OBJC_ARC = YES;
				CLANG_ENABLE_OBJC_WEAK = YES;
				CLANG_WARN_BLOCK_CAPTURE_AUTORELEASING = YES;
				CLANG_WARN_BOOL_CONVERSION = YES;
				CLANG_WARN_COMMA = YES;
				CLANG_WARN_CONSTANT_CONVERSION = YES;
				CLANG_WARN_DEPRECATED_OBJC_IMPLEMENTATIONS = YES;
				CLANG_WARN_DIRECT_OBJC_ISA_USAGE = YES_ERROR;
				CLANG_WARN_DOCUMENTATION_COMMENTS = YES;
				CLANG_WARN_EMPTY_BODY = YES;
				CLANG_WARN_ENUM_CONVERSION = YES;
				CLANG_WARN_INFINITE_RECURSION = YES;
				CLANG_WARN_INT_CONVERSION = YES;
				CLANG_WARN_NON_LITERAL_NULL_CONVERSION = YES;
				CLANG_WARN_OBJC_IMPLICIT_RETAIN_SELF = YES;
				CLANG_WARN_OBJC_LITERAL_CONVERSION = YES;
				CLANG_WARN_OBJC_ROOT_CLASS = YES_ERROR;
				CLANG_WARN_RANGE_LOOP_ANALYSIS = YES;
				CLANG_WARN_STRICT_PROTOTYPES = YES;
				CLANG_WARN_SUSPICIOUS_MOVE = YES;
				CLANG_WARN_UNGUARDED_AVAILABILITY = YES_AGGRESSIVE;
				CLANG_WARN_UNREACHABLE_CODE = YES;
				CLANG_WARN__DUPLICATE_METHOD_MATCH = YES;
				CODE_SIGN_IDENTITY = "iPhone Developer";
				COPY_PHASE_STRIP = NO;
				DEBUG_INFORMATION_FORMAT = dwarf;
				ENABLE_STRICT_OBJC_MSGSEND = YES;
				ENABLE_TESTABILITY = YES;
				GCC_C_LANGUAGE_STANDARD = gnu11;
				GCC_DYNAMIC_NO_PIC = NO;
				GCC_NO_COMMON_BLOCKS = YES;
				GCC_OPTIMIZATION_LEVEL = 0;
				GCC_PREPROCESSOR_DEFINITIONS = (
					"DEBUG=1",
					"$(inherited)",
				);
				GCC_WARN_64_TO_32_BIT_CONVERSION = YES;
				GCC_WARN_ABOUT_RETURN_TYPE = YES_ERROR;
				GCC_WARN_UNDECLARED_SELECTOR = YES;
				GCC_WARN_UNINITIALIZED_AUTOS = YES_AGGRESSIVE;
				GCC_WARN_UNUSED_FUNCTION = YES;
				GCC_WARN_UNUSED_VARIABLE = YES;
				IPHONEOS_DEPLOYMENT_TARGET = 12.2;
				MTL_ENABLE_DEBUG_INFO = INCLUDE_SOURCE;
				MTL_FAST_MATH = YES;
				ONLY_ACTIVE_ARCH = YES;
				SDKROOT = iphoneos;
				SWIFT_ACTIVE_COMPILATION_CONDITIONS = DEBUG;
				SWIFT_OPTIMIZATION_LEVEL = "-Onone";
			};
			name = Debug;
		};
		8D6DEDD12276147F00FA801E /* Release */ = {
			isa = XCBuildConfiguration;
			buildSettings = {
				ALWAYS_SEARCH_USER_PATHS = NO;
				CLANG_ANALYZER_NONNULL = YES;
				CLANG_ANALYZER_NUMBER_OBJECT_CONVERSION = YES_AGGRESSIVE;
				CLANG_CXX_LANGUAGE_STANDARD = "gnu++14";
				CLANG_CXX_LIBRARY = "libc++";
				CLANG_ENABLE_MODULES = YES;
				CLANG_ENABLE_OBJC_ARC = YES;
				CLANG_ENABLE_OBJC_WEAK = YES;
				CLANG_WARN_BLOCK_CAPTURE_AUTORELEASING = YES;
				CLANG_WARN_BOOL_CONVERSION = YES;
				CLANG_WARN_COMMA = YES;
				CLANG_WARN_CONSTANT_CONVERSION = YES;
				CLANG_WARN_DEPRECATED_OBJC_IMPLEMENTATIONS = YES;
				CLANG_WARN_DIRECT_OBJC_ISA_USAGE = YES_ERROR;
				CLANG_WARN_DOCUMENTATION_COMMENTS = YES;
				CLANG_WARN_EMPTY_BODY = YES;
				CLANG_WARN_ENUM_CONVERSION = YES;
				CLANG_WARN_INFINITE_RECURSION = YES;
				CLANG_WARN_INT_CONVERSION = YES;
				CLANG_WARN_NON_LITERAL_NULL_CONVERSION = YES;
				CLANG_WARN_OBJC_IMPLICIT_RETAIN_SELF = YES;
				CLANG_WARN_OBJC_LITERAL_CONVERSION = YES;
				CLANG_WARN_OBJC_ROOT_CLASS = YES_ERROR;
				CLANG_WARN_RANGE_LOOP_ANALYSIS = YES;
				CLANG_WARN_STRICT_PROTOTYPES = YES;
				CLANG_WARN_SUSPICIOUS_MOVE = YES;
				CLANG_WARN_UNGUARDED_AVAILABILITY = YES_AGGRESSIVE;
				CLANG_WARN_UNREACHABLE_CODE = YES;
				CLANG_WARN__DUPLICATE_METHOD_MATCH = YES;
				CODE_SIGN_IDENTITY = "iPhone Developer";
				COPY_PHASE_STRIP = NO;
				DEBUG_INFORMATION_FORMAT = "dwarf-with-dsym";
				ENABLE_NS_ASSERTIONS = NO;
				ENABLE_STRICT_OBJC_MSGSEND = YES;
				GCC_C_LANGUAGE_STANDARD = gnu11;
				GCC_NO_COMMON_BLOCKS = YES;
				GCC_WARN_64_TO_32_BIT_CONVERSION = YES;
				GCC_WARN_ABOUT_RETURN_TYPE = YES_ERROR;
				GCC_WARN_UNDECLARED_SELECTOR = YES;
				GCC_WARN_UNINITIALIZED_AUTOS = YES_AGGRESSIVE;
				GCC_WARN_UNUSED_FUNCTION = YES;
				GCC_WARN_UNUSED_VARIABLE = YES;
				IPHONEOS_DEPLOYMENT_TARGET = 12.2;
				MTL_ENABLE_DEBUG_INFO = NO;
				MTL_FAST_MATH = YES;
				SDKROOT = iphoneos;
				SWIFT_COMPILATION_MODE = wholemodule;
				SWIFT_OPTIMIZATION_LEVEL = "-O";
				VALIDATE_PRODUCT = YES;
			};
			name = Release;
		};
		8D6DEDD32276147F00FA801E /* Debug */ = {
			isa = XCBuildConfiguration;
			buildSettings = {
				ASSETCATALOG_COMPILER_APPICON_NAME = AppIcon;
				CODE_SIGN_STYLE = Automatic;
				DEVELOPMENT_TEAM = 6UW4NKHZQ4;
				INFOPLIST_FILE = BookTracker/Info.plist;
				LD_RUNPATH_SEARCH_PATHS = (
					"$(inherited)",
					"@executable_path/Frameworks",
				);
				PRODUCT_BUNDLE_IDENTIFIER = com.construcao.code.BookTracker;
				PRODUCT_NAME = "$(TARGET_NAME)";
				SWIFT_VERSION = 5.0;
				TARGETED_DEVICE_FAMILY = "1,2";
			};
			name = Debug;
		};
		8D6DEDD42276147F00FA801E /* Release */ = {
			isa = XCBuildConfiguration;
			buildSettings = {
				ASSETCATALOG_COMPILER_APPICON_NAME = AppIcon;
				CODE_SIGN_STYLE = Automatic;
				DEVELOPMENT_TEAM = 6UW4NKHZQ4;
				INFOPLIST_FILE = BookTracker/Info.plist;
				LD_RUNPATH_SEARCH_PATHS = (
					"$(inherited)",
					"@executable_path/Frameworks",
				);
				PRODUCT_BUNDLE_IDENTIFIER = com.construcao.code.BookTracker;
				PRODUCT_NAME = "$(TARGET_NAME)";
				SWIFT_VERSION = 5.0;
				TARGETED_DEVICE_FAMILY = "1,2";
			};
			name = Release;
		};
		8D6DEDD62276147F00FA801E /* Debug */ = {
			isa = XCBuildConfiguration;
			buildSettings = {
				ALWAYS_EMBED_SWIFT_STANDARD_LIBRARIES = YES;
				BUNDLE_LOADER = "$(TEST_HOST)";
				CODE_SIGN_STYLE = Automatic;
				DEVELOPMENT_TEAM = 6UW4NKHZQ4;
				INFOPLIST_FILE = BookTrackerTests/Info.plist;
				LD_RUNPATH_SEARCH_PATHS = (
					"$(inherited)",
					"@executable_path/Frameworks",
					"@loader_path/Frameworks",
				);
				PRODUCT_BUNDLE_IDENTIFIER = com.construcao.code.BookTrackerTests;
				PRODUCT_NAME = "$(TARGET_NAME)";
				SWIFT_VERSION = 5.0;
				TARGETED_DEVICE_FAMILY = "1,2";
				TEST_HOST = "$(BUILT_PRODUCTS_DIR)/BookTracker.app/BookTracker";
			};
			name = Debug;
		};
		8D6DEDD72276147F00FA801E /* Release */ = {
			isa = XCBuildConfiguration;
			buildSettings = {
				ALWAYS_EMBED_SWIFT_STANDARD_LIBRARIES = YES;
				BUNDLE_LOADER = "$(TEST_HOST)";
				CODE_SIGN_STYLE = Automatic;
				DEVELOPMENT_TEAM = 6UW4NKHZQ4;
				INFOPLIST_FILE = BookTrackerTests/Info.plist;
				LD_RUNPATH_SEARCH_PATHS = (
					"$(inherited)",
					"@executable_path/Frameworks",
					"@loader_path/Frameworks",
				);
				PRODUCT_BUNDLE_IDENTIFIER = com.construcao.code.BookTrackerTests;
				PRODUCT_NAME = "$(TARGET_NAME)";
				SWIFT_VERSION = 5.0;
				TARGETED_DEVICE_FAMILY = "1,2";
				TEST_HOST = "$(BUILT_PRODUCTS_DIR)/BookTracker.app/BookTracker";
			};
			name = Release;
		};
/* End XCBuildConfiguration section */

/* Begin XCConfigurationList section */
		8D6DEDB02276147E00FA801E /* Build configuration list for PBXProject "BookTracker" */ = {
			isa = XCConfigurationList;
			buildConfigurations = (
				8D6DEDD02276147F00FA801E /* Debug */,
				8D6DEDD12276147F00FA801E /* Release */,
			);
			defaultConfigurationIsVisible = 0;
			defaultConfigurationName = Release;
		};
		8D6DEDD22276147F00FA801E /* Build configuration list for PBXNativeTarget "BookTracker" */ = {
			isa = XCConfigurationList;
			buildConfigurations = (
				8D6DEDD32276147F00FA801E /* Debug */,
				8D6DEDD42276147F00FA801E /* Release */,
			);
			defaultConfigurationIsVisible = 0;
			defaultConfigurationName = Release;
		};
		8D6DEDD52276147F00FA801E /* Build configuration list for PBXNativeTarget "BookTrackerTests" */ = {
			isa = XCConfigurationList;
			buildConfigurations = (
				8D6DEDD62276147F00FA801E /* Debug */,
				8D6DEDD72276147F00FA801E /* Release */,
			);
			defaultConfigurationIsVisible = 0;
			defaultConfigurationName = Release;
		};
/* End XCConfigurationList section */
	};
	rootObject = 8D6DEDAD2276147E00FA801E /* Project object */;
}
